
Microsoft Visual Studio Solution File, Format Version 12.00
# Visual Studio 14
VisualStudioVersion = 14.0.25420.1
MinimumVisualStudioVersion = 10.0.40219.1
Project("{FAE04EC0-301F-11D3-BF4B-00C04F79EFBC}") = "NessusPowerShell", "NessusPowerShell\NessusPowerShell.csproj", "{16078B51-A54D-4B6C-83B0-2649A0EFD3DD}"
EndProject
Project("{FAE04EC0-301F-11D3-BF4B-00C04F79EFBC}") = "NessusPowerShell.Test", "NessusPowerShell.Test\NessusPowerShell.Test.csproj", "{30ECB6B9-C5FE-44BD-88E8-81D352E674A4}"
EndProject
Global
	GlobalSection(SolutionConfigurationPlatforms) = preSolution
		Debug|Any CPU = Debug|Any CPU
		Release|Any CPU = Release|Any CPU
	EndGlobalSection
	GlobalSection(ProjectConfigurationPlatforms) = postSolution
		{16078B51-A54D-4B6C-83B0-2649A0EFD3DD}.Debug|Any CPU.ActiveCfg = Debug|Any CPU
		{16078B51-A54D-4B6C-83B0-2649A0EFD3DD}.Debug|Any CPU.Build.0 = Debug|Any CPU
		{16078B51-A54D-4B6C-83B0-2649A0EFD3DD}.Release|Any CPU.ActiveCfg = Release|Any CPU
		{16078B51-A54D-4B6C-83B0-2649A0EFD3DD}.Release|Any CPU.Build.0 = Release|Any CPU
		{30ECB6B9-C5FE-44BD-88E8-81D352E674A4}.Debug|Any CPU.ActiveCfg = Debug|Any CPU
		{30ECB6B9-C5FE-44BD-88E8-81D352E674A4}.Debug|Any CPU.Build.0 = Debug|Any CPU
		{30ECB6B9-C5FE-44BD-88E8-81D352E674A4}.Release|Any CPU.ActiveCfg = Release|Any CPU
		{30ECB6B9-C5FE-44BD-88E8-81D352E674A4}.Release|Any CPU.Build.0 = Release|Any CPU
	EndGlobalSection
	GlobalSection(SolutionProperties) = preSolution
		HideSolutionNode = FALSE
	EndGlobalSection
EndGlobal
